
Microsoft Visual Studio Solution File, Format Version 12.00
# Visual Studio Version 17
VisualStudioVersion = 17.5.002.0
MinimumVisualStudioVersion = 10.0.40219.1
Project("{9A19103F-16F7-4668-BE54-9A1E7A4F7556}") = "Lab3", "Lab3\Lab3.csproj", "{B6122C0E-B5F9-43CA-B152-D8D8B90A751C}"
EndProject
Global
	GlobalSection(SolutionConfigurationPlatforms) = preSolution
		Debug|Any CPU = Debug|Any CPU
		Release|Any CPU = Release|Any CPU
	EndGlobalSection
	GlobalSection(ProjectConfigurationPlatforms) = postSolution
		{B6122C0E-B5F9-43CA-B152-D8D8B90A751C}.Debug|Any CPU.ActiveCfg = Debug|Any CPU
		{B6122C0E-B5F9-43CA-B152-D8D8B90A751C}.Debug|Any CPU.Build.0 = Debug|Any CPU
		{B6122C0E-B5F9-43CA-B152-D8D8B90A751C}.Release|Any CPU.ActiveCfg = Release|Any CPU
		{B6122C0E-B5F9-43CA-B152-D8D8B90A751C}.Release|Any CPU.Build.0 = Release|Any CPU
	EndGlobalSection
	GlobalSection(SolutionProperties) = preSolution
		HideSolutionNode = FALSE
	EndGlobalSection
	GlobalSection(ExtensibilityGlobals) = postSolution
		SolutionGuid = {E4C7ECDE-C95E-41D4-9ABA-A96E3EC8937A}
	EndGlobalSection
EndGlobal
